
Microsoft Visual Studio Solution File, Format Version 12.00
# Visual Studio 15
VisualStudioVersion = 15.0.27130.2010
MinimumVisualStudioVersion = 10.0.40219.1
Project("{9A19103F-16F7-4668-BE54-9A1E7A4F7556}") = "IS4Server", "IS4Server\IS4Server.csproj", "{6CA307BF-14A7-4750-AAB1-F49380AC5AA5}"
EndProject
Project("{FAE04EC0-301F-11D3-BF4B-00C04F79EFBC}") = "IS4Client", "IS4Client\IS4Client.csproj", "{1CA597D3-C0CA-4FF2-A5C7-C50A548A9F95}"
EndProject
Global
	GlobalSection(SolutionConfigurationPlatforms) = preSolution
		Debug|Any CPU = Debug|Any CPU
		Release|Any CPU = Release|Any CPU
	EndGlobalSection
	GlobalSection(ProjectConfigurationPlatforms) = postSolution
		{6CA307BF-14A7-4750-AAB1-F49380AC5AA5}.Debug|Any CPU.ActiveCfg = Debug|Any CPU
		{6CA307BF-14A7-4750-AAB1-F49380AC5AA5}.Debug|Any CPU.Build.0 = Debug|Any CPU
		{6CA307BF-14A7-4750-AAB1-F49380AC5AA5}.Release|Any CPU.ActiveCfg = Release|Any CPU
		{6CA307BF-14A7-4750-AAB1-F49380AC5AA5}.Release|Any CPU.Build.0 = Release|Any CPU
		{1CA597D3-C0CA-4FF2-A5C7-C50A548A9F95}.Debug|Any CPU.ActiveCfg = Debug|Any CPU
		{1CA597D3-C0CA-4FF2-A5C7-C50A548A9F95}.Debug|Any CPU.Build.0 = Debug|Any CPU
		{1CA597D3-C0CA-4FF2-A5C7-C50A548A9F95}.Release|Any CPU.ActiveCfg = Release|Any CPU
		{1CA597D3-C0CA-4FF2-A5C7-C50A548A9F95}.Release|Any CPU.Build.0 = Release|Any CPU
	EndGlobalSection
	GlobalSection(SolutionProperties) = preSolution
		HideSolutionNode = FALSE
	EndGlobalSection
	GlobalSection(ExtensibilityGlobals) = postSolution
		SolutionGuid = {64186229-5F27-43B6-848D-71CB74D3C9AA}
	EndGlobalSection
EndGlobal
